// !$*UTF8*$!
{
	archiveVersion = 1;
	classes = {
	};
	objectVersion = 56;
	objects = {

/* Begin PBXBuildFile section */
		04146E212A375E81002966AD /* SalamApp.swift in Sources */ = {isa = PBXBuildFile; fileRef = 04146E202A375E81002966AD /* SalamApp.swift */; };
		04146E232A375E81002966AD /* ContentView.swift in Sources */ = {isa = PBXBuildFile; fileRef = 04146E222A375E81002966AD /* ContentView.swift */; };
		04146E252A375E82002966AD /* Assets.xcassets in Resources */ = {isa = PBXBuildFile; fileRef = 04146E242A375E82002966AD /* Assets.xcassets */; };
		04146E282A375E82002966AD /* Preview Assets.xcassets in Resources */ = {isa = PBXBuildFile; fileRef = 04146E272A375E82002966AD /* Preview Assets.xcassets */; };
		04146E302A37603E002966AD /* Launch Screen.storyboard in Resources */ = {isa = PBXBuildFile; fileRef = 04146E2F2A37603E002966AD /* Launch Screen.storyboard */; };
		04146E362A37658A002966AD /* HomeTab.swift in Sources */ = {isa = PBXBuildFile; fileRef = 04146E352A37658A002966AD /* HomeTab.swift */; };
		04146E382A37662C002966AD /* EmployeeTab.swift in Sources */ = {isa = PBXBuildFile; fileRef = 04146E372A37662C002966AD /* EmployeeTab.swift */; };
		04146E3A2A376662002966AD /* InsightsTab.swift in Sources */ = {isa = PBXBuildFile; fileRef = 04146E392A376662002966AD /* InsightsTab.swift */; };
		04146E3D2A376816002966AD /* Realm in Frameworks */ = {isa = PBXBuildFile; productRef = 04146E3C2A376816002966AD /* Realm */; };
		04146E3F2A376816002966AD /* RealmSwift in Frameworks */ = {isa = PBXBuildFile; productRef = 04146E3E2A376816002966AD /* RealmSwift */; };
		04146E412A376D4A002966AD /* Team.swift in Sources */ = {isa = PBXBuildFile; fileRef = 04146E402A376D4A002966AD /* Team.swift */; };
		0458C5CF2A376FA400F52C94 /* EmployeeRow.swift in Sources */ = {isa = PBXBuildFile; fileRef = 0458C5CE2A376FA400F52C94 /* EmployeeRow.swift */; };
		0458C5D12A37710700F52C94 /* TeamView.swift in Sources */ = {isa = PBXBuildFile; fileRef = 0458C5D02A37710700F52C94 /* TeamView.swift */; };
		0458C5D32A37732900F52C94 /* EmployeeDetail.swift in Sources */ = {isa = PBXBuildFile; fileRef = 0458C5D22A37732900F52C94 /* EmployeeDetail.swift */; };
		0458C5D52A377B7A00F52C94 /* EmployeeEditor.swift in Sources */ = {isa = PBXBuildFile; fileRef = 0458C5D42A377B7A00F52C94 /* EmployeeEditor.swift */; };
/* End PBXBuildFile section */

/* Begin PBXFileReference section */
		04146E1D2A375E81002966AD /* Salam.app */ = {isa = PBXFileReference; explicitFileType = wrapper.application; includeInIndex = 0; path = Salam.app; sourceTree = BUILT_PRODUCTS_DIR; };
		04146E202A375E81002966AD /* SalamApp.swift */ = {isa = PBXFileReference; lastKnownFileType = sourcecode.swift; path = SalamApp.swift; sourceTree = "<group>"; };
		04146E222A375E81002966AD /* ContentView.swift */ = {isa = PBXFileReference; lastKnownFileType = sourcecode.swift; path = ContentView.swift; sourceTree = "<group>"; };
		04146E242A375E82002966AD /* Assets.xcassets */ = {isa = PBXFileReference; lastKnownFileType = folder.assetcatalog; path = Assets.xcassets; sourceTree = "<group>"; };
		04146E272A375E82002966AD /* Preview Assets.xcassets */ = {isa = PBXFileReference; lastKnownFileType = folder.assetcatalog; path = "Preview Assets.xcassets"; sourceTree = "<group>"; };
		04146E2F2A37603E002966AD /* Launch Screen.storyboard */ = {isa = PBXFileReference; lastKnownFileType = file.storyboard; path = "Launch Screen.storyboard"; sourceTree = "<group>"; };
		04146E352A37658A002966AD /* HomeTab.swift */ = {isa = PBXFileReference; lastKnownFileType = sourcecode.swift; path = HomeTab.swift; sourceTree = "<group>"; };
		04146E372A37662C002966AD /* EmployeeTab.swift */ = {isa = PBXFileReference; lastKnownFileType = sourcecode.swift; path = EmployeeTab.swift; sourceTree = "<group>"; };
		04146E392A376662002966AD /* InsightsTab.swift */ = {isa = PBXFileReference; lastKnownFileType = sourcecode.swift; path = InsightsTab.swift; sourceTree = "<group>"; };
		04146E402A376D4A002966AD /* Team.swift */ = {isa = PBXFileReference; lastKnownFileType = sourcecode.swift; path = Team.swift; sourceTree = "<group>"; };
		0458C5CE2A376FA400F52C94 /* EmployeeRow.swift */ = {isa = PBXFileReference; lastKnownFileType = sourcecode.swift; path = EmployeeRow.swift; sourceTree = "<group>"; };
		0458C5D02A37710700F52C94 /* TeamView.swift */ = {isa = PBXFileReference; lastKnownFileType = sourcecode.swift; path = TeamView.swift; sourceTree = "<group>"; };
		0458C5D22A37732900F52C94 /* EmployeeDetail.swift */ = {isa = PBXFileReference; lastKnownFileType = sourcecode.swift; path = EmployeeDetail.swift; sourceTree = "<group>"; };
		0458C5D42A377B7A00F52C94 /* EmployeeEditor.swift */ = {isa = PBXFileReference; lastKnownFileType = sourcecode.swift; path = EmployeeEditor.swift; sourceTree = "<group>"; };
/* End PBXFileReference section */

/* Begin PBXFrameworksBuildPhase section */
		04146E1A2A375E81002966AD /* Frameworks */ = {
			isa = PBXFrameworksBuildPhase;
			buildActionMask = 2147483647;
			files = (
				04146E3F2A376816002966AD /* RealmSwift in Frameworks */,
				04146E3D2A376816002966AD /* Realm in Frameworks */,
			);
			runOnlyForDeploymentPostprocessing = 0;
		};
/* End PBXFrameworksBuildPhase section */

/* Begin PBXGroup section */
		04146E142A375E81002966AD = {
			isa = PBXGroup;
			children = (
				04146E1F2A375E81002966AD /* Salam */,
				04146E1E2A375E81002966AD /* Products */,
			);
			sourceTree = "<group>";
		};
		04146E1E2A375E81002966AD /* Products */ = {
			isa = PBXGroup;
			children = (
				04146E1D2A375E81002966AD /* Salam.app */,
			);
			name = Products;
			sourceTree = "<group>";
		};
		04146E1F2A375E81002966AD /* Salam */ = {
			isa = PBXGroup;
			children = (
				04146E2E2A376017002966AD /* Views */,
				04146E242A375E82002966AD /* Assets.xcassets */,
				04146E262A375E82002966AD /* Preview Content */,
			);
			path = Salam;
			sourceTree = "<group>";
		};
		04146E262A375E82002966AD /* Preview Content */ = {
			isa = PBXGroup;
			children = (
				04146E272A375E82002966AD /* Preview Assets.xcassets */,
			);
			path = "Preview Content";
			sourceTree = "<group>";
		};
		04146E2E2A376017002966AD /* Views */ = {
			isa = PBXGroup;
			children = (
				04146E222A375E81002966AD /* ContentView.swift */,
				04146E202A375E81002966AD /* SalamApp.swift */,
				04146E342A376567002966AD /* Insights */,
				04146E332A376562002966AD /* Employees */,
				04146E312A376544002966AD /* Home */,
				04146E2F2A37603E002966AD /* Launch Screen.storyboard */,
			);
			path = Views;
			sourceTree = "<group>";
		};
		04146E312A376544002966AD /* Home */ = {
			isa = PBXGroup;
			children = (
				04146E352A37658A002966AD /* HomeTab.swift */,
			);
			path = Home;
			sourceTree = "<group>";
		};
		04146E332A376562002966AD /* Employees */ = {
			isa = PBXGroup;
			children = (
				04146E372A37662C002966AD /* EmployeeTab.swift */,
				04146E402A376D4A002966AD /* Team.swift */,
				0458C5CE2A376FA400F52C94 /* EmployeeRow.swift */,
				0458C5D02A37710700F52C94 /* TeamView.swift */,
				0458C5D22A37732900F52C94 /* EmployeeDetail.swift */,
				0458C5D42A377B7A00F52C94 /* EmployeeEditor.swift */,
			);
			path = Employees;
			sourceTree = "<group>";
		};
		04146E342A376567002966AD /* Insights */ = {
			isa = PBXGroup;
			children = (
				04146E392A376662002966AD /* InsightsTab.swift */,
			);
			path = Insights;
			sourceTree = "<group>";
		};
/* End PBXGroup section */

/* Begin PBXNativeTarget section */
		04146E1C2A375E81002966AD /* Salam */ = {
			isa = PBXNativeTarget;
			buildConfigurationList = 04146E2B2A375E82002966AD /* Build configuration list for PBXNativeTarget "Salam" */;
			buildPhases = (
				04146E192A375E81002966AD /* Sources */,
				04146E1A2A375E81002966AD /* Frameworks */,
				04146E1B2A375E81002966AD /* Resources */,
			);
			buildRules = (
			);
			dependencies = (
			);
			name = Salam;
			packageProductDependencies = (
				04146E3C2A376816002966AD /* Realm */,
				04146E3E2A376816002966AD /* RealmSwift */,
			);
			productName = Salam;
			productReference = 04146E1D2A375E81002966AD /* Salam.app */;
			productType = "com.apple.product-type.application";
		};
/* End PBXNativeTarget section */

/* Begin PBXProject section */
		04146E152A375E81002966AD /* Project object */ = {
			isa = PBXProject;
			attributes = {
				BuildIndependentTargetsInParallel = 1;
				LastSwiftUpdateCheck = 1430;
				LastUpgradeCheck = 1430;
				TargetAttributes = {
					04146E1C2A375E81002966AD = {
						CreatedOnToolsVersion = 14.3.1;
					};
				};
			};
			buildConfigurationList = 04146E182A375E81002966AD /* Build configuration list for PBXProject "Salam" */;
			compatibilityVersion = "Xcode 14.0";
			developmentRegion = en;
			hasScannedForEncodings = 0;
			knownRegions = (
				en,
				Base,
			);
			mainGroup = 04146E142A375E81002966AD;
			packageReferences = (
				04146E3B2A376815002966AD /* XCRemoteSwiftPackageReference "realm-swift" */,
			);
			productRefGroup = 04146E1E2A375E81002966AD /* Products */;
			projectDirPath = "";
			projectRoot = "";
			targets = (
				04146E1C2A375E81002966AD /* Salam */,
			);
		};
/* End PBXProject section */

/* Begin PBXResourcesBuildPhase section */
		04146E1B2A375E81002966AD /* Resources */ = {
			isa = PBXResourcesBuildPhase;
			buildActionMask = 2147483647;
			files = (
				04146E302A37603E002966AD /* Launch Screen.storyboard in Resources */,
				04146E282A375E82002966AD /* Preview Assets.xcassets in Resources */,
				04146E252A375E82002966AD /* Assets.xcassets in Resources */,
			);
			runOnlyForDeploymentPostprocessing = 0;
		};
/* End PBXResourcesBuildPhase section */

/* Begin PBXSourcesBuildPhase section */
		04146E192A375E81002966AD /* Sources */ = {
			isa = PBXSourcesBuildPhase;
			buildActionMask = 2147483647;
			files = (
				04146E412A376D4A002966AD /* Team.swift in Sources */,
				04146E362A37658A002966AD /* HomeTab.swift in Sources */,
				04146E232A375E81002966AD /* ContentView.swift in Sources */,
				0458C5D12A37710700F52C94 /* TeamView.swift in Sources */,
				0458C5D52A377B7A00F52C94 /* EmployeeEditor.swift in Sources */,
				0458C5D32A37732900F52C94 /* EmployeeDetail.swift in Sources */,
				04146E3A2A376662002966AD /* InsightsTab.swift in Sources */,
				04146E212A375E81002966AD /* SalamApp.swift in Sources */,
				04146E382A37662C002966AD /* EmployeeTab.swift in Sources */,
				0458C5CF2A376FA400F52C94 /* EmployeeRow.swift in Sources */,
			);
			runOnlyForDeploymentPostprocessing = 0;
		};
/* End PBXSourcesBuildPhase section */

/* Begin XCBuildConfiguration section */
		04146E292A375E82002966AD /* Debug */ = {
			isa = XCBuildConfiguration;
			buildSettings = {
				ALWAYS_SEARCH_USER_PATHS = NO;
				CLANG_ANALYZER_NONNULL = YES;
				CLANG_ANALYZER_NUMBER_OBJECT_CONVERSION = YES_AGGRESSIVE;
				CLANG_CXX_LANGUAGE_STANDARD = "gnu++20";
				CLANG_ENABLE_MODULES = YES;
				CLANG_ENABLE_OBJC_ARC = YES;
				CLANG_ENABLE_OBJC_WEAK = YES;
				CLANG_WARN_BLOCK_CAPTURE_AUTORELEASING = YES;
				CLANG_WARN_BOOL_CONVERSION = YES;
				CLANG_WARN_COMMA = YES;
				CLANG_WARN_CONSTANT_CONVERSION = YES;
				CLANG_WARN_DEPRECATED_OBJC_IMPLEMENTATIONS = YES;
				CLANG_WARN_DIRECT_OBJC_ISA_USAGE = YES_ERROR;
				CLANG_WARN_DOCUMENTATION_COMMENTS = YES;
				CLANG_WARN_EMPTY_BODY = YES;
				CLANG_WARN_ENUM_CONVERSION = YES;
				CLANG_WARN_INFINITE_RECURSION = YES;
				CLANG_WARN_INT_CONVERSION = YES;
				CLANG_WARN_NON_LITERAL_NULL_CONVERSION = YES;
				CLANG_WARN_OBJC_IMPLICIT_RETAIN_SELF = YES;
				CLANG_WARN_OBJC_LITERAL_CONVERSION = YES;
				CLANG_WARN_OBJC_ROOT_CLASS = YES_ERROR;
				CLANG_WARN_QUOTED_INCLUDE_IN_FRAMEWORK_HEADER = YES;
				CLANG_WARN_RANGE_LOOP_ANALYSIS = YES;
				CLANG_WARN_STRICT_PROTOTYPES = YES;
				CLANG_WARN_SUSPICIOUS_MOVE = YES;
				CLANG_WARN_UNGUARDED_AVAILABILITY = YES_AGGRESSIVE;
				CLANG_WARN_UNREACHABLE_CODE = YES;
				CLANG_WARN__DUPLICATE_METHOD_MATCH = YES;
				COPY_PHASE_STRIP = NO;
				DEBUG_INFORMATION_FORMAT = dwarf;
				ENABLE_STRICT_OBJC_MSGSEND = YES;
				ENABLE_TESTABILITY = YES;
				GCC_C_LANGUAGE_STANDARD = gnu11;
				GCC_DYNAMIC_NO_PIC = NO;
				GCC_NO_COMMON_BLOCKS = YES;
				GCC_OPTIMIZATION_LEVEL = 0;
				GCC_PREPROCESSOR_DEFINITIONS = (
					"DEBUG=1",
					"$(inherited)",
				);
				GCC_WARN_64_TO_32_BIT_CONVERSION = YES;
				GCC_WARN_ABOUT_RETURN_TYPE = YES_ERROR;
				GCC_WARN_UNDECLARED_SELECTOR = YES;
				GCC_WARN_UNINITIALIZED_AUTOS = YES_AGGRESSIVE;
				GCC_WARN_UNUSED_FUNCTION = YES;
				GCC_WARN_UNUSED_VARIABLE = YES;
				IPHONEOS_DEPLOYMENT_TARGET = 16.4;
				MTL_ENABLE_DEBUG_INFO = INCLUDE_SOURCE;
				MTL_FAST_MATH = YES;
				ONLY_ACTIVE_ARCH = YES;
				SDKROOT = iphoneos;
				SWIFT_ACTIVE_COMPILATION_CONDITIONS = DEBUG;
				SWIFT_OPTIMIZATION_LEVEL = "-Onone";
			};
			name = Debug;
		};
		04146E2A2A375E82002966AD /* Release */ = {
			isa = XCBuildConfiguration;
			buildSettings = {
				ALWAYS_SEARCH_USER_PATHS = NO;
				CLANG_ANALYZER_NONNULL = YES;
				CLANG_ANALYZER_NUMBER_OBJECT_CONVERSION = YES_AGGRESSIVE;
				CLANG_CXX_LANGUAGE_STANDARD = "gnu++20";
				CLANG_ENABLE_MODULES = YES;
				CLANG_ENABLE_OBJC_ARC = YES;
				CLANG_ENABLE_OBJC_WEAK = YES;
				CLANG_WARN_BLOCK_CAPTURE_AUTORELEASING = YES;
				CLANG_WARN_BOOL_CONVERSION = YES;
				CLANG_WARN_COMMA = YES;
				CLANG_WARN_CONSTANT_CONVERSION = YES;
				CLANG_WARN_DEPRECATED_OBJC_IMPLEMENTATIONS = YES;
				CLANG_WARN_DIRECT_OBJC_ISA_USAGE = YES_ERROR;
				CLANG_WARN_DOCUMENTATION_COMMENTS = YES;
				CLANG_WARN_EMPTY_BODY = YES;
				CLANG_WARN_ENUM_CONVERSION = YES;
				CLANG_WARN_INFINITE_RECURSION = YES;
				CLANG_WARN_INT_CONVERSION = YES;
				CLANG_WARN_NON_LITERAL_NULL_CONVERSION = YES;
				CLANG_WARN_OBJC_IMPLICIT_RETAIN_SELF = YES;
				CLANG_WARN_OBJC_LITERAL_CONVERSION = YES;
				CLANG_WARN_OBJC_ROOT_CLASS = YES_ERROR;
				CLANG_WARN_QUOTED_INCLUDE_IN_FRAMEWORK_HEADER = YES;
				CLANG_WARN_RANGE_LOOP_ANALYSIS = YES;
				CLANG_WARN_STRICT_PROTOTYPES = YES;
				CLANG_WARN_SUSPICIOUS_MOVE = YES;
				CLANG_WARN_UNGUARDED_AVAILABILITY = YES_AGGRESSIVE;
				CLANG_WARN_UNREACHABLE_CODE = YES;
				CLANG_WARN__DUPLICATE_METHOD_MATCH = YES;
				COPY_PHASE_STRIP = NO;
				DEBUG_INFORMATION_FORMAT = "dwarf-with-dsym";
				ENABLE_NS_ASSERTIONS = NO;
				ENABLE_STRICT_OBJC_MSGSEND = YES;
				GCC_C_LANGUAGE_STANDARD = gnu11;
				GCC_NO_COMMON_BLOCKS = YES;
				GCC_WARN_64_TO_32_BIT_CONVERSION = YES;
				GCC_WARN_ABOUT_RETURN_TYPE = YES_ERROR;
				GCC_WARN_UNDECLARED_SELECTOR = YES;
				GCC_WARN_UNINITIALIZED_AUTOS = YES_AGGRESSIVE;
				GCC_WARN_UNUSED_FUNCTION = YES;
				GCC_WARN_UNUSED_VARIABLE = YES;
				IPHONEOS_DEPLOYMENT_TARGET = 16.4;
				MTL_ENABLE_DEBUG_INFO = NO;
				MTL_FAST_MATH = YES;
				SDKROOT = iphoneos;
				SWIFT_COMPILATION_MODE = wholemodule;
				SWIFT_OPTIMIZATION_LEVEL = "-O";
				VALIDATE_PRODUCT = YES;
			};
			name = Release;
		};
		04146E2C2A375E82002966AD /* Debug */ = {
			isa = XCBuildConfiguration;
			buildSettings = {
				ASSETCATALOG_COMPILER_APPICON_NAME = AppIcon;
				ASSETCATALOG_COMPILER_GLOBAL_ACCENT_COLOR_NAME = AccentColor;
				CODE_SIGN_STYLE = Automatic;
				CURRENT_PROJECT_VERSION = 1;
				DEVELOPMENT_ASSET_PATHS = "\"Salam/Preview Content\"";
				DEVELOPMENT_TEAM = URP6Y3YD22;
				ENABLE_PREVIEWS = YES;
				GENERATE_INFOPLIST_FILE = YES;
				INFOPLIST_KEY_UIApplicationSceneManifest_Generation = YES;
				INFOPLIST_KEY_UIApplicationSupportsIndirectInputEvents = YES;
				INFOPLIST_KEY_UILaunchScreen_Generation = YES;
				INFOPLIST_KEY_UISupportedInterfaceOrientations_iPad = "UIInterfaceOrientationPortrait UIInterfaceOrientationPortraitUpsideDown UIInterfaceOrientationLandscapeLeft UIInterfaceOrientationLandscapeRight";
				INFOPLIST_KEY_UISupportedInterfaceOrientations_iPhone = "UIInterfaceOrientationPortrait UIInterfaceOrientationLandscapeLeft UIInterfaceOrientationLandscapeRight";
				LD_RUNPATH_SEARCH_PATHS = (
					"$(inherited)",
					"@executable_path/Frameworks",
				);
				MARKETING_VERSION = 1.0;
				PRODUCT_BUNDLE_IDENTIFIER = Myself.Salam;
				PRODUCT_NAME = "$(TARGET_NAME)";
				SWIFT_EMIT_LOC_STRINGS = YES;
				SWIFT_VERSION = 5.0;
				TARGETED_DEVICE_FAMILY = "1,2";
			};
			name = Debug;
		};
		04146E2D2A375E82002966AD /* Release */ = {
			isa = XCBuildConfiguration;
			buildSettings = {
				ASSETCATALOG_COMPILER_APPICON_NAME = AppIcon;
				ASSETCATALOG_COMPILER_GLOBAL_ACCENT_COLOR_NAME = AccentColor;
				CODE_SIGN_STYLE = Automatic;
				CURRENT_PROJECT_VERSION = 1;
				DEVELOPMENT_ASSET_PATHS = "\"Salam/Preview Content\"";
				DEVELOPMENT_TEAM = URP6Y3YD22;
				ENABLE_PREVIEWS = YES;
				GENERATE_INFOPLIST_FILE = YES;
				INFOPLIST_KEY_UIApplicationSceneManifest_Generation = YES;
				INFOPLIST_KEY_UIApplicationSupportsIndirectInputEvents = YES;
				INFOPLIST_KEY_UILaunchScreen_Generation = YES;
				INFOPLIST_KEY_UISupportedInterfaceOrientations_iPad = "UIInterfaceOrientationPortrait UIInterfaceOrientationPortraitUpsideDown UIInterfaceOrientationLandscapeLeft UIInterfaceOrientationLandscapeRight";
				INFOPLIST_KEY_UISupportedInterfaceOrientations_iPhone = "UIInterfaceOrientationPortrait UIInterfaceOrientationLandscapeLeft UIInterfaceOrientationLandscapeRight";
				LD_RUNPATH_SEARCH_PATHS = (
					"$(inherited)",
					"@executable_path/Frameworks",
				);
				MARKETING_VERSION = 1.0;
				PRODUCT_BUNDLE_IDENTIFIER = Myself.Salam;
				PRODUCT_NAME = "$(TARGET_NAME)";
				SWIFT_EMIT_LOC_STRINGS = YES;
				SWIFT_VERSION = 5.0;
				TARGETED_DEVICE_FAMILY = "1,2";
			};
			name = Release;
		};
/* End XCBuildConfiguration section */

/* Begin XCConfigurationList section */
		04146E182A375E81002966AD /* Build configuration list for PBXProject "Salam" */ = {
			isa = XCConfigurationList;
			buildConfigurations = (
				04146E292A375E82002966AD /* Debug */,
				04146E2A2A375E82002966AD /* Release */,
			);
			defaultConfigurationIsVisible = 0;
			defaultConfigurationName = Release;
		};
		04146E2B2A375E82002966AD /* Build configuration list for PBXNativeTarget "Salam" */ = {
			isa = XCConfigurationList;
			buildConfigurations = (
				04146E2C2A375E82002966AD /* Debug */,
				04146E2D2A375E82002966AD /* Release */,
			);
			defaultConfigurationIsVisible = 0;
			defaultConfigurationName = Release;
		};
/* End XCConfigurationList section */

/* Begin XCRemoteSwiftPackageReference section */
		04146E3B2A376815002966AD /* XCRemoteSwiftPackageReference "realm-swift" */ = {
			isa = XCRemoteSwiftPackageReference;
			repositoryURL = "https://github.com/realm/realm-swift.git";
			requirement = {
				kind = upToNextMajorVersion;
				minimumVersion = 10.40.2;
			};
		};
/* End XCRemoteSwiftPackageReference section */

/* Begin XCSwiftPackageProductDependency section */
		04146E3C2A376816002966AD /* Realm */ = {
			isa = XCSwiftPackageProductDependency;
			package = 04146E3B2A376815002966AD /* XCRemoteSwiftPackageReference "realm-swift" */;
			productName = Realm;
		};
		04146E3E2A376816002966AD /* RealmSwift */ = {
			isa = XCSwiftPackageProductDependency;
			package = 04146E3B2A376815002966AD /* XCRemoteSwiftPackageReference "realm-swift" */;
			productName = RealmSwift;
		};
/* End XCSwiftPackageProductDependency section */
	};
	rootObject = 04146E152A375E81002966AD /* Project object */;
}
